
Microsoft Visual Studio Solution File, Format Version 12.00
# Visual Studio Version 17
VisualStudioVersion = 17.5.33516.290
MinimumVisualStudioVersion = 10.0.40219.1
Project("{FAE04EC0-301F-11D3-BF4B-00C04F79EFBC}") = "Twitter.WebAPI", "Twitter\Twitter.WebAPI.csproj", "{18D9427C-6FC9-4010-B9B4-2DCE9A2B0846}"
EndProject
Project("{FAE04EC0-301F-11D3-BF4B-00C04F79EFBC}") = "Twitter.Domain", "Twitter.Domain\Twitter.Domain.csproj", "{46DA6C67-4C9C-4DE9-8D3A-3F0D7D1170E8}"
EndProject
Project("{FAE04EC0-301F-11D3-BF4B-00C04F79EFBC}") = "Twitter.Repository", "Twitter.Repository\Twitter.Repository.csproj", "{13C01D6A-B953-4D5E-A3C4-4ED624E18B63}"
EndProject
Project("{FAE04EC0-301F-11D3-BF4B-00C04F79EFBC}") = "Twitter.Service", "Twitter.Service\Twitter.Service.csproj", "{102D369B-DD0E-4145-AF68-6B288EF1B01F}"
EndProject
Global
	GlobalSection(SolutionConfigurationPlatforms) = preSolution
		Debug|Any CPU = Debug|Any CPU
		Release|Any CPU = Release|Any CPU
	EndGlobalSection
	GlobalSection(ProjectConfigurationPlatforms) = postSolution
		{18D9427C-6FC9-4010-B9B4-2DCE9A2B0846}.Debug|Any CPU.ActiveCfg = Debug|Any CPU
		{18D9427C-6FC9-4010-B9B4-2DCE9A2B0846}.Debug|Any CPU.Build.0 = Debug|Any CPU
		{18D9427C-6FC9-4010-B9B4-2DCE9A2B0846}.Release|Any CPU.ActiveCfg = Release|Any CPU
		{18D9427C-6FC9-4010-B9B4-2DCE9A2B0846}.Release|Any CPU.Build.0 = Release|Any CPU
		{46DA6C67-4C9C-4DE9-8D3A-3F0D7D1170E8}.Debug|Any CPU.ActiveCfg = Debug|Any CPU
		{46DA6C67-4C9C-4DE9-8D3A-3F0D7D1170E8}.Debug|Any CPU.Build.0 = Debug|Any CPU
		{46DA6C67-4C9C-4DE9-8D3A-3F0D7D1170E8}.Release|Any CPU.ActiveCfg = Release|Any CPU
		{46DA6C67-4C9C-4DE9-8D3A-3F0D7D1170E8}.Release|Any CPU.Build.0 = Release|Any CPU
		{13C01D6A-B953-4D5E-A3C4-4ED624E18B63}.Debug|Any CPU.ActiveCfg = Debug|Any CPU
		{13C01D6A-B953-4D5E-A3C4-4ED624E18B63}.Debug|Any CPU.Build.0 = Debug|Any CPU
		{13C01D6A-B953-4D5E-A3C4-4ED624E18B63}.Release|Any CPU.ActiveCfg = Release|Any CPU
		{13C01D6A-B953-4D5E-A3C4-4ED624E18B63}.Release|Any CPU.Build.0 = Release|Any CPU
		{102D369B-DD0E-4145-AF68-6B288EF1B01F}.Debug|Any CPU.ActiveCfg = Debug|Any CPU
		{102D369B-DD0E-4145-AF68-6B288EF1B01F}.Debug|Any CPU.Build.0 = Debug|Any CPU
		{102D369B-DD0E-4145-AF68-6B288EF1B01F}.Release|Any CPU.ActiveCfg = Release|Any CPU
		{102D369B-DD0E-4145-AF68-6B288EF1B01F}.Release|Any CPU.Build.0 = Release|Any CPU
	EndGlobalSection
	GlobalSection(SolutionProperties) = preSolution
		HideSolutionNode = FALSE
	EndGlobalSection
	GlobalSection(ExtensibilityGlobals) = postSolution
		SolutionGuid = {C38ED03A-B461-4EAA-845C-DDF1F4795157}
	EndGlobalSection
EndGlobal
